
Microsoft Visual Studio Solution File, Format Version 12.00
# Visual Studio Version 17
VisualStudioVersion = 17.8.34330.188
MinimumVisualStudioVersion = 10.0.40219.1
Project("{FAE04EC0-301F-11D3-BF4B-00C04F79EFBC}") = "ApressGame", "ApressGame\ApressGame.csproj", "{13769573-9867-4287-A208-4F5EFE5691E6}"
EndProject
Global
	GlobalSection(SolutionConfigurationPlatforms) = preSolution
		Debug|Any CPU = Debug|Any CPU
		Release|Any CPU = Release|Any CPU
	EndGlobalSection
	GlobalSection(ProjectConfigurationPlatforms) = postSolution
		{13769573-9867-4287-A208-4F5EFE5691E6}.Debug|Any CPU.ActiveCfg = Debug|Any CPU
		{13769573-9867-4287-A208-4F5EFE5691E6}.Debug|Any CPU.Build.0 = Debug|Any CPU
		{13769573-9867-4287-A208-4F5EFE5691E6}.Release|Any CPU.ActiveCfg = Release|Any CPU
		{13769573-9867-4287-A208-4F5EFE5691E6}.Release|Any CPU.Build.0 = Release|Any CPU
	EndGlobalSection
	GlobalSection(SolutionProperties) = preSolution
		HideSolutionNode = FALSE
	EndGlobalSection
	GlobalSection(ExtensibilityGlobals) = postSolution
		SolutionGuid = {A8686F9C-1151-4E48-AA17-6EB199CD02D4}
	EndGlobalSection
EndGlobal
